// !$*UTF8*$!
{
	archiveVersion = 1;
	classes = {
	};
	objectVersion = 46;
	objects = {

/* Begin PBXBuildFile section */
		A28C69631907584500B66ED1 /* Foundation.framework in Frameworks */ = {isa = PBXBuildFile; fileRef = A28C69621907584500B66ED1 /* Foundation.framework */; };
		A28C69661907584500B66ED1 /* main.m in Sources */ = {isa = PBXBuildFile; fileRef = A28C69651907584500B66ED1 /* main.m */; };
		A28C697A190758A800B66ED1 /* Common.m in Sources */ = {isa = PBXBuildFile; fileRef = A28C6977190758A800B66ED1 /* Common.m */; };
		A28C697B190758A800B66ED1 /* AppDelegate.m in Sources */ = {isa = PBXBuildFile; fileRef = A28C6979190758A800B66ED1 /* AppDelegate.m */; };
		A28C699C190758BE00B66ED1 /* ASIDataCompressor.m in Sources */ = {isa = PBXBuildFile; fileRef = A28C6981190758BE00B66ED1 /* ASIDataCompressor.m */; settings = {COMPILER_FLAGS = "-fno-objc-arc"; }; };
		A28C699D190758BE00B66ED1 /* ASIDataDecompressor.m in Sources */ = {isa = PBXBuildFile; fileRef = A28C6983190758BE00B66ED1 /* ASIDataDecompressor.m */; settings = {COMPILER_FLAGS = "-fno-objc-arc"; }; };
		A28C699E190758BE00B66ED1 /* ASIDownloadCache.m in Sources */ = {isa = PBXBuildFile; fileRef = A28C6985190758BE00B66ED1 /* ASIDownloadCache.m */; settings = {COMPILER_FLAGS = "-fno-objc-arc"; }; };
		A28C699F190758BE00B66ED1 /* ASIFormDataRequest.m in Sources */ = {isa = PBXBuildFile; fileRef = A28C6987190758BE00B66ED1 /* ASIFormDataRequest.m */; settings = {COMPILER_FLAGS = "-fno-objc-arc"; }; };
		A28C69A0190758BE00B66ED1 /* ASIHTTPRequest.m in Sources */ = {isa = PBXBuildFile; fileRef = A28C6989190758BE00B66ED1 /* ASIHTTPRequest.m */; settings = {COMPILER_FLAGS = "-fno-objc-arc"; }; };
		A28C69A1190758BE00B66ED1 /* ASIInputStream.m in Sources */ = {isa = PBXBuildFile; fileRef = A28C698D190758BE00B66ED1 /* ASIInputStream.m */; settings = {COMPILER_FLAGS = "-fno-objc-arc"; }; };
		A28C69A2190758BE00B66ED1 /* ASINetworkQueue.m in Sources */ = {isa = PBXBuildFile; fileRef = A28C698F190758BE00B66ED1 /* ASINetworkQueue.m */; settings = {COMPILER_FLAGS = "-fno-objc-arc"; }; };
		A28C69A3190758BE00B66ED1 /* libParsingLib.a in Frameworks */ = {isa = PBXBuildFile; fileRef = A28C6992190758BE00B66ED1 /* libParsingLib.a */; };
		A28C69A4190758BE00B66ED1 /* NSDataAdditions.m in Sources */ = {isa = PBXBuildFile; fileRef = A28C6994190758BE00B66ED1 /* NSDataAdditions.m */; settings = {COMPILER_FLAGS = "-fno-objc-arc"; }; };
		A28C69A5190758BE00B66ED1 /* TBXML+Compression.m in Sources */ = {isa = PBXBuildFile; fileRef = A28C6996190758BE00B66ED1 /* TBXML+Compression.m */; settings = {COMPILER_FLAGS = "-fno-objc-arc"; }; };
		A28C69A6190758BE00B66ED1 /* TBXML+HTTP.m in Sources */ = {isa = PBXBuildFile; fileRef = A28C6998190758BE00B66ED1 /* TBXML+HTTP.m */; settings = {COMPILER_FLAGS = "-fno-objc-arc"; }; };
		A28C69A7190758BE00B66ED1 /* TBXML.m in Sources */ = {isa = PBXBuildFile; fileRef = A28C699A190758BE00B66ED1 /* TBXML.m */; settings = {COMPILER_FLAGS = "-fno-objc-arc"; }; };
		A28C69A9190758D400B66ED1 /* CFNetwork.framework in Frameworks */ = {isa = PBXBuildFile; fileRef = A28C69A8190758D400B66ED1 /* CFNetwork.framework */; };
		A28C69AB190758E300B66ED1 /* SystemConfiguration.framework in Frameworks */ = {isa = PBXBuildFile; fileRef = A28C69AA190758E300B66ED1 /* SystemConfiguration.framework */; };
		A28C69AD190758ED00B66ED1 /* CoreGraphics.framework in Frameworks */ = {isa = PBXBuildFile; fileRef = A28C69AC190758ED00B66ED1 /* CoreGraphics.framework */; };
		A28C69B319075CCD00B66ED1 /* CalendarObject.m in Sources */ = {isa = PBXBuildFile; fileRef = A28C69B219075CCD00B66ED1 /* CalendarObject.m */; };
/* End PBXBuildFile section */

/* Begin PBXCopyFilesBuildPhase section */
		A28C695D1907584500B66ED1 /* CopyFiles */ = {
			isa = PBXCopyFilesBuildPhase;
			buildActionMask = 2147483647;
			dstPath = /usr/share/man/man1/;
			dstSubfolderSpec = 0;
			files = (
			);
			runOnlyForDeploymentPostprocessing = 1;
		};
/* End PBXCopyFilesBuildPhase section */

/* Begin PBXFileReference section */
		A28C695F1907584500B66ED1 /* DaemonService */ = {isa = PBXFileReference; explicitFileType = "compiled.mach-o.executable"; includeInIndex = 0; path = DaemonService; sourceTree = BUILT_PRODUCTS_DIR; };
		A28C69621907584500B66ED1 /* Foundation.framework */ = {isa = PBXFileReference; lastKnownFileType = wrapper.framework; name = Foundation.framework; path = System/Library/Frameworks/Foundation.framework; sourceTree = SDKROOT; };
		A28C69651907584500B66ED1 /* main.m */ = {isa = PBXFileReference; lastKnownFileType = sourcecode.c.objc; path = main.m; sourceTree = "<group>"; };
		A28C69681907584500B66ED1 /* DaemonService-Prefix.pch */ = {isa = PBXFileReference; lastKnownFileType = sourcecode.c.h; path = "DaemonService-Prefix.pch"; sourceTree = "<group>"; };
		A28C6976190758A800B66ED1 /* Common.h */ = {isa = PBXFileReference; fileEncoding = 4; lastKnownFileType = sourcecode.c.h; path = Common.h; sourceTree = "<group>"; };
		A28C6977190758A800B66ED1 /* Common.m */ = {isa = PBXFileReference; fileEncoding = 4; lastKnownFileType = sourcecode.c.objc; path = Common.m; sourceTree = "<group>"; };
		A28C6978190758A800B66ED1 /* AppDelegate.h */ = {isa = PBXFileReference; fileEncoding = 4; lastKnownFileType = sourcecode.c.h; path = AppDelegate.h; sourceTree = "<group>"; };
		A28C6979190758A800B66ED1 /* AppDelegate.m */ = {isa = PBXFileReference; fileEncoding = 4; lastKnownFileType = sourcecode.c.objc; path = AppDelegate.m; sourceTree = "<group>"; };
		A28C697F190758BE00B66ED1 /* ASICacheDelegate.h */ = {isa = PBXFileReference; fileEncoding = 4; lastKnownFileType = sourcecode.c.h; path = ASICacheDelegate.h; sourceTree = "<group>"; };
		A28C6980190758BE00B66ED1 /* ASIDataCompressor.h */ = {isa = PBXFileReference; fileEncoding = 4; lastKnownFileType = sourcecode.c.h; path = ASIDataCompressor.h; sourceTree = "<group>"; };
		A28C6981190758BE00B66ED1 /* ASIDataCompressor.m */ = {isa = PBXFileReference; fileEncoding = 4; lastKnownFileType = sourcecode.c.objc; path = ASIDataCompressor.m; sourceTree = "<group>"; };
		A28C6982190758BE00B66ED1 /* ASIDataDecompressor.h */ = {isa = PBXFileReference; fileEncoding = 4; lastKnownFileType = sourcecode.c.h; path = ASIDataDecompressor.h; sourceTree = "<group>"; };
		A28C6983190758BE00B66ED1 /* ASIDataDecompressor.m */ = {isa = PBXFileReference; fileEncoding = 4; lastKnownFileType = sourcecode.c.objc; path = ASIDataDecompressor.m; sourceTree = "<group>"; };
		A28C6984190758BE00B66ED1 /* ASIDownloadCache.h */ = {isa = PBXFileReference; fileEncoding = 4; lastKnownFileType = sourcecode.c.h; path = ASIDownloadCache.h; sourceTree = "<group>"; };
		A28C6985190758BE00B66ED1 /* ASIDownloadCache.m */ = {isa = PBXFileReference; fileEncoding = 4; lastKnownFileType = sourcecode.c.objc; path = ASIDownloadCache.m; sourceTree = "<group>"; };
		A28C6986190758BE00B66ED1 /* ASIFormDataRequest.h */ = {isa = PBXFileReference; fileEncoding = 4; lastKnownFileType = sourcecode.c.h; path = ASIFormDataRequest.h; sourceTree = "<group>"; };
		A28C6987190758BE00B66ED1 /* ASIFormDataRequest.m */ = {isa = PBXFileReference; fileEncoding = 4; lastKnownFileType = sourcecode.c.objc; path = ASIFormDataRequest.m; sourceTree = "<group>"; };
		A28C6988190758BE00B66ED1 /* ASIHTTPRequest.h */ = {isa = PBXFileReference; fileEncoding = 4; lastKnownFileType = sourcecode.c.h; path = ASIHTTPRequest.h; sourceTree = "<group>"; };
		A28C6989190758BE00B66ED1 /* ASIHTTPRequest.m */ = {isa = PBXFileReference; fileEncoding = 4; lastKnownFileType = sourcecode.c.objc; path = ASIHTTPRequest.m; sourceTree = "<group>"; };
		A28C698A190758BE00B66ED1 /* ASIHTTPRequestConfig.h */ = {isa = PBXFileReference; fileEncoding = 4; lastKnownFileType = sourcecode.c.h; path = ASIHTTPRequestConfig.h; sourceTree = "<group>"; };
		A28C698B190758BE00B66ED1 /* ASIHTTPRequestDelegate.h */ = {isa = PBXFileReference; fileEncoding = 4; lastKnownFileType = sourcecode.c.h; path = ASIHTTPRequestDelegate.h; sourceTree = "<group>"; };
		A28C698C190758BE00B66ED1 /* ASIInputStream.h */ = {isa = PBXFileReference; fileEncoding = 4; lastKnownFileType = sourcecode.c.h; path = ASIInputStream.h; sourceTree = "<group>"; };
		A28C698D190758BE00B66ED1 /* ASIInputStream.m */ = {isa = PBXFileReference; fileEncoding = 4; lastKnownFileType = sourcecode.c.objc; path = ASIInputStream.m; sourceTree = "<group>"; };
		A28C698E190758BE00B66ED1 /* ASINetworkQueue.h */ = {isa = PBXFileReference; fileEncoding = 4; lastKnownFileType = sourcecode.c.h; path = ASINetworkQueue.h; sourceTree = "<group>"; };
		A28C698F190758BE00B66ED1 /* ASINetworkQueue.m */ = {isa = PBXFileReference; fileEncoding = 4; lastKnownFileType = sourcecode.c.objc; path = ASINetworkQueue.m; sourceTree = "<group>"; };
		A28C6990190758BE00B66ED1 /* ASIProgressDelegate.h */ = {isa = PBXFileReference; fileEncoding = 4; lastKnownFileType = sourcecode.c.h; path = ASIProgressDelegate.h; sourceTree = "<group>"; };
		A28C6992190758BE00B66ED1 /* libParsingLib.a */ = {isa = PBXFileReference; lastKnownFileType = archive.ar; path = libParsingLib.a; sourceTree = "<group>"; };
		A28C6993190758BE00B66ED1 /* NSDataAdditions.h */ = {isa = PBXFileReference; fileEncoding = 4; lastKnownFileType = sourcecode.c.h; path = NSDataAdditions.h; sourceTree = "<group>"; };
		A28C6994190758BE00B66ED1 /* NSDataAdditions.m */ = {isa = PBXFileReference; fileEncoding = 4; lastKnownFileType = sourcecode.c.objc; path = NSDataAdditions.m; sourceTree = "<group>"; };
		A28C6995190758BE00B66ED1 /* TBXML+Compression.h */ = {isa = PBXFileReference; fileEncoding = 4; lastKnownFileType = sourcecode.c.h; path = "TBXML+Compression.h"; sourceTree = "<group>"; };
		A28C6996190758BE00B66ED1 /* TBXML+Compression.m */ = {isa = PBXFileReference; fileEncoding = 4; lastKnownFileType = sourcecode.c.objc; path = "TBXML+Compression.m"; sourceTree = "<group>"; };
		A28C6997190758BE00B66ED1 /* TBXML+HTTP.h */ = {isa = PBXFileReference; fileEncoding = 4; lastKnownFileType = sourcecode.c.h; path = "TBXML+HTTP.h"; sourceTree = "<group>"; };
		A28C6998190758BE00B66ED1 /* TBXML+HTTP.m */ = {isa = PBXFileReference; fileEncoding = 4; lastKnownFileType = sourcecode.c.objc; path = "TBXML+HTTP.m"; sourceTree = "<group>"; };
		A28C6999190758BE00B66ED1 /* TBXML.h */ = {isa = PBXFileReference; fileEncoding = 4; lastKnownFileType = sourcecode.c.h; path = TBXML.h; sourceTree = "<group>"; };
		A28C699A190758BE00B66ED1 /* TBXML.m */ = {isa = PBXFileReference; fileEncoding = 4; lastKnownFileType = sourcecode.c.objc; path = TBXML.m; sourceTree = "<group>"; };
		A28C69A8190758D400B66ED1 /* CFNetwork.framework */ = {isa = PBXFileReference; lastKnownFileType = wrapper.framework; name = CFNetwork.framework; path = System/Library/Frameworks/CFNetwork.framework; sourceTree = SDKROOT; };
		A28C69AA190758E300B66ED1 /* SystemConfiguration.framework */ = {isa = PBXFileReference; lastKnownFileType = wrapper.framework; name = SystemConfiguration.framework; path = System/Library/Frameworks/SystemConfiguration.framework; sourceTree = SDKROOT; };
		A28C69AC190758ED00B66ED1 /* CoreGraphics.framework */ = {isa = PBXFileReference; lastKnownFileType = wrapper.framework; name = CoreGraphics.framework; path = System/Library/Frameworks/CoreGraphics.framework; sourceTree = SDKROOT; };
		A28C69B119075CCD00B66ED1 /* CalendarObject.h */ = {isa = PBXFileReference; fileEncoding = 4; lastKnownFileType = sourcecode.c.h; path = CalendarObject.h; sourceTree = "<group>"; };
		A28C69B219075CCD00B66ED1 /* CalendarObject.m */ = {isa = PBXFileReference; fileEncoding = 4; lastKnownFileType = sourcecode.c.objc; path = CalendarObject.m; sourceTree = "<group>"; };
/* End PBXFileReference section */

/* Begin PBXFrameworksBuildPhase section */
		A28C695C1907584500B66ED1 /* Frameworks */ = {
			isa = PBXFrameworksBuildPhase;
			buildActionMask = 2147483647;
			files = (
				A28C69AD190758ED00B66ED1 /* CoreGraphics.framework in Frameworks */,
				A28C69AB190758E300B66ED1 /* SystemConfiguration.framework in Frameworks */,
				A28C69A9190758D400B66ED1 /* CFNetwork.framework in Frameworks */,
				A28C69A3190758BE00B66ED1 /* libParsingLib.a in Frameworks */,
				A28C69631907584500B66ED1 /* Foundation.framework in Frameworks */,
			);
			runOnlyForDeploymentPostprocessing = 0;
		};
/* End PBXFrameworksBuildPhase section */

/* Begin PBXGroup section */
		A28C69561907584500B66ED1 = {
			isa = PBXGroup;
			children = (
				A28C69B119075CCD00B66ED1 /* CalendarObject.h */,
				A28C69B219075CCD00B66ED1 /* CalendarObject.m */,
				A28C697C190758BE00B66ED1 /* ASIHttpRequest */,
				A28C6991190758BE00B66ED1 /* TBXML */,
				A28C6976190758A800B66ED1 /* Common.h */,
				A28C6977190758A800B66ED1 /* Common.m */,
				A28C6978190758A800B66ED1 /* AppDelegate.h */,
				A28C6979190758A800B66ED1 /* AppDelegate.m */,
				A28C69641907584500B66ED1 /* DaemonService */,
				A28C69611907584500B66ED1 /* Frameworks */,
				A28C69601907584500B66ED1 /* Products */,
			);
			sourceTree = "<group>";
		};
		A28C69601907584500B66ED1 /* Products */ = {
			isa = PBXGroup;
			children = (
				A28C695F1907584500B66ED1 /* DaemonService */,
			);
			name = Products;
			sourceTree = "<group>";
		};
		A28C69611907584500B66ED1 /* Frameworks */ = {
			isa = PBXGroup;
			children = (
				A28C69AC190758ED00B66ED1 /* CoreGraphics.framework */,
				A28C69AA190758E300B66ED1 /* SystemConfiguration.framework */,
				A28C69A8190758D400B66ED1 /* CFNetwork.framework */,
				A28C69621907584500B66ED1 /* Foundation.framework */,
			);
			name = Frameworks;
			sourceTree = "<group>";
		};
		A28C69641907584500B66ED1 /* DaemonService */ = {
			isa = PBXGroup;
			children = (
				A28C69651907584500B66ED1 /* main.m */,
				A28C69671907584500B66ED1 /* Supporting Files */,
			);
			path = DaemonService;
			sourceTree = "<group>";
		};
		A28C69671907584500B66ED1 /* Supporting Files */ = {
			isa = PBXGroup;
			children = (
				A28C69681907584500B66ED1 /* DaemonService-Prefix.pch */,
			);
			name = "Supporting Files";
			sourceTree = "<group>";
		};
		A28C697C190758BE00B66ED1 /* ASIHttpRequest */ = {
			isa = PBXGroup;
			children = (
				A28C697F190758BE00B66ED1 /* ASICacheDelegate.h */,
				A28C6980190758BE00B66ED1 /* ASIDataCompressor.h */,
				A28C6981190758BE00B66ED1 /* ASIDataCompressor.m */,
				A28C6982190758BE00B66ED1 /* ASIDataDecompressor.h */,
				A28C6983190758BE00B66ED1 /* ASIDataDecompressor.m */,
				A28C6984190758BE00B66ED1 /* ASIDownloadCache.h */,
				A28C6985190758BE00B66ED1 /* ASIDownloadCache.m */,
				A28C6986190758BE00B66ED1 /* ASIFormDataRequest.h */,
				A28C6987190758BE00B66ED1 /* ASIFormDataRequest.m */,
				A28C6988190758BE00B66ED1 /* ASIHTTPRequest.h */,
				A28C6989190758BE00B66ED1 /* ASIHTTPRequest.m */,
				A28C698A190758BE00B66ED1 /* ASIHTTPRequestConfig.h */,
				A28C698B190758BE00B66ED1 /* ASIHTTPRequestDelegate.h */,
				A28C698C190758BE00B66ED1 /* ASIInputStream.h */,
				A28C698D190758BE00B66ED1 /* ASIInputStream.m */,
				A28C698E190758BE00B66ED1 /* ASINetworkQueue.h */,
				A28C698F190758BE00B66ED1 /* ASINetworkQueue.m */,
				A28C6990190758BE00B66ED1 /* ASIProgressDelegate.h */,
			);
			path = ASIHttpRequest;
			sourceTree = "<group>";
		};
		A28C6991190758BE00B66ED1 /* TBXML */ = {
			isa = PBXGroup;
			children = (
				A28C6992190758BE00B66ED1 /* libParsingLib.a */,
				A28C6993190758BE00B66ED1 /* NSDataAdditions.h */,
				A28C6994190758BE00B66ED1 /* NSDataAdditions.m */,
				A28C6995190758BE00B66ED1 /* TBXML+Compression.h */,
				A28C6996190758BE00B66ED1 /* TBXML+Compression.m */,
				A28C6997190758BE00B66ED1 /* TBXML+HTTP.h */,
				A28C6998190758BE00B66ED1 /* TBXML+HTTP.m */,
				A28C6999190758BE00B66ED1 /* TBXML.h */,
				A28C699A190758BE00B66ED1 /* TBXML.m */,
			);
			path = TBXML;
			sourceTree = "<group>";
		};
/* End PBXGroup section */

/* Begin PBXNativeTarget section */
		A28C695E1907584500B66ED1 /* DaemonService */ = {
			isa = PBXNativeTarget;
			buildConfigurationList = A28C696D1907584500B66ED1 /* Build configuration list for PBXNativeTarget "DaemonService" */;
			buildPhases = (
				A28C695B1907584500B66ED1 /* Sources */,
				A28C695C1907584500B66ED1 /* Frameworks */,
				A28C695D1907584500B66ED1 /* CopyFiles */,
			);
			buildRules = (
			);
			dependencies = (
			);
			name = DaemonService;
			productName = DaemonService;
			productReference = A28C695F1907584500B66ED1 /* DaemonService */;
			productType = "com.apple.product-type.tool";
		};
/* End PBXNativeTarget section */

/* Begin PBXProject section */
		A28C69571907584500B66ED1 /* Project object */ = {
			isa = PBXProject;
			attributes = {
				LastUpgradeCheck = 0510;
				ORGANIZATIONNAME = ABC;
			};
			buildConfigurationList = A28C695A1907584500B66ED1 /* Build configuration list for PBXProject "DaemonService" */;
			compatibilityVersion = "Xcode 3.2";
			developmentRegion = English;
			hasScannedForEncodings = 0;
			knownRegions = (
				en,
			);
			mainGroup = A28C69561907584500B66ED1;
			productRefGroup = A28C69601907584500B66ED1 /* Products */;
			projectDirPath = "";
			projectRoot = "";
			targets = (
				A28C695E1907584500B66ED1 /* DaemonService */,
			);
		};
/* End PBXProject section */

/* Begin PBXSourcesBuildPhase section */
		A28C695B1907584500B66ED1 /* Sources */ = {
			isa = PBXSourcesBuildPhase;
			buildActionMask = 2147483647;
			files = (
				A28C699C190758BE00B66ED1 /* ASIDataCompressor.m in Sources */,
				A28C697A190758A800B66ED1 /* Common.m in Sources */,
				A28C69A0190758BE00B66ED1 /* ASIHTTPRequest.m in Sources */,
				A28C69A7190758BE00B66ED1 /* TBXML.m in Sources */,
				A28C699F190758BE00B66ED1 /* ASIFormDataRequest.m in Sources */,
				A28C69661907584500B66ED1 /* main.m in Sources */,
				A28C69A4190758BE00B66ED1 /* NSDataAdditions.m in Sources */,
				A28C69A1190758BE00B66ED1 /* ASIInputStream.m in Sources */,
				A28C697B190758A800B66ED1 /* AppDelegate.m in Sources */,
				A28C69A2190758BE00B66ED1 /* ASINetworkQueue.m in Sources */,
				A28C699D190758BE00B66ED1 /* ASIDataDecompressor.m in Sources */,
				A28C69A6190758BE00B66ED1 /* TBXML+HTTP.m in Sources */,
				A28C69A5190758BE00B66ED1 /* TBXML+Compression.m in Sources */,
				A28C69B319075CCD00B66ED1 /* CalendarObject.m in Sources */,
				A28C699E190758BE00B66ED1 /* ASIDownloadCache.m in Sources */,
			);
			runOnlyForDeploymentPostprocessing = 0;
		};
/* End PBXSourcesBuildPhase section */

/* Begin XCBuildConfiguration section */
		A28C696B1907584500B66ED1 /* Debug */ = {
			isa = XCBuildConfiguration;
			buildSettings = {
				ALWAYS_SEARCH_USER_PATHS = NO;
				CLANG_CXX_LANGUAGE_STANDARD = "gnu++0x";
				CLANG_CXX_LIBRARY = "libc++";
				CLANG_ENABLE_MODULES = YES;
				CLANG_ENABLE_OBJC_ARC = YES;
				CLANG_WARN_BOOL_CONVERSION = YES;
				CLANG_WARN_CONSTANT_CONVERSION = YES;
				CLANG_WARN_DIRECT_OBJC_ISA_USAGE = YES_ERROR;
				CLANG_WARN_EMPTY_BODY = YES;
				CLANG_WARN_ENUM_CONVERSION = YES;
				CLANG_WARN_INT_CONVERSION = YES;
				CLANG_WARN_OBJC_ROOT_CLASS = YES_ERROR;
				CLANG_WARN__DUPLICATE_METHOD_MATCH = YES;
				COPY_PHASE_STRIP = NO;
				GCC_C_LANGUAGE_STANDARD = gnu99;
				GCC_DYNAMIC_NO_PIC = NO;
				GCC_ENABLE_OBJC_EXCEPTIONS = YES;
				GCC_OPTIMIZATION_LEVEL = 0;
				GCC_PREPROCESSOR_DEFINITIONS = (
					"DEBUG=1",
					"$(inherited)",
				);
				GCC_SYMBOLS_PRIVATE_EXTERN = NO;
				GCC_WARN_64_TO_32_BIT_CONVERSION = YES;
				GCC_WARN_ABOUT_RETURN_TYPE = YES_ERROR;
				GCC_WARN_UNDECLARED_SELECTOR = YES;
				GCC_WARN_UNINITIALIZED_AUTOS = YES_AGGRESSIVE;
				GCC_WARN_UNUSED_FUNCTION = YES;
				GCC_WARN_UNUSED_VARIABLE = YES;
				MACOSX_DEPLOYMENT_TARGET = 10.9;
				ONLY_ACTIVE_ARCH = YES;
				SDKROOT = macosx;
			};
			name = Debug;
		};
		A28C696C1907584500B66ED1 /* Release */ = {
			isa = XCBuildConfiguration;
			buildSettings = {
				ALWAYS_SEARCH_USER_PATHS = NO;
				CLANG_CXX_LANGUAGE_STANDARD = "gnu++0x";
				CLANG_CXX_LIBRARY = "libc++";
				CLANG_ENABLE_MODULES = YES;
				CLANG_ENABLE_OBJC_ARC = YES;
				CLANG_WARN_BOOL_CONVERSION = YES;
				CLANG_WARN_CONSTANT_CONVERSION = YES;
				CLANG_WARN_DIRECT_OBJC_ISA_USAGE = YES_ERROR;
				CLANG_WARN_EMPTY_BODY = YES;
				CLANG_WARN_ENUM_CONVERSION = YES;
				CLANG_WARN_INT_CONVERSION = YES;
				CLANG_WARN_OBJC_ROOT_CLASS = YES_ERROR;
				CLANG_WARN__DUPLICATE_METHOD_MATCH = YES;
				COPY_PHASE_STRIP = YES;
				DEBUG_INFORMATION_FORMAT = "dwarf-with-dsym";
				ENABLE_NS_ASSERTIONS = NO;
				GCC_C_LANGUAGE_STANDARD = gnu99;
				GCC_ENABLE_OBJC_EXCEPTIONS = YES;
				GCC_WARN_64_TO_32_BIT_CONVERSION = YES;
				GCC_WARN_ABOUT_RETURN_TYPE = YES_ERROR;
				GCC_WARN_UNDECLARED_SELECTOR = YES;
				GCC_WARN_UNINITIALIZED_AUTOS = YES_AGGRESSIVE;
				GCC_WARN_UNUSED_FUNCTION = YES;
				GCC_WARN_UNUSED_VARIABLE = YES;
				MACOSX_DEPLOYMENT_TARGET = 10.9;
				SDKROOT = macosx;
			};
			name = Release;
		};
		A28C696E1907584500B66ED1 /* Debug */ = {
			isa = XCBuildConfiguration;
			buildSettings = {
				GCC_PRECOMPILE_PREFIX_HEADER = YES;
				GCC_PREFIX_HEADER = "DaemonService/DaemonService-Prefix.pch";
				LIBRARY_SEARCH_PATHS = (
					"$(inherited)",
					"$(PROJECT_DIR)/TBXML",
				);
				PRODUCT_NAME = "$(TARGET_NAME)";
			};
			name = Debug;
		};
		A28C696F1907584500B66ED1 /* Release */ = {
			isa = XCBuildConfiguration;
			buildSettings = {
				GCC_PRECOMPILE_PREFIX_HEADER = YES;
				GCC_PREFIX_HEADER = "DaemonService/DaemonService-Prefix.pch";
				LIBRARY_SEARCH_PATHS = (
					"$(inherited)",
					"$(PROJECT_DIR)/TBXML",
				);
				PRODUCT_NAME = "$(TARGET_NAME)";
			};
			name = Release;
		};
/* End XCBuildConfiguration section */

/* Begin XCConfigurationList section */
		A28C695A1907584500B66ED1 /* Build configuration list for PBXProject "DaemonService" */ = {
			isa = XCConfigurationList;
			buildConfigurations = (
				A28C696B1907584500B66ED1 /* Debug */,
				A28C696C1907584500B66ED1 /* Release */,
			);
			defaultConfigurationIsVisible = 0;
			defaultConfigurationName = Release;
		};
		A28C696D1907584500B66ED1 /* Build configuration list for PBXNativeTarget "DaemonService" */ = {
			isa = XCConfigurationList;
			buildConfigurations = (
				A28C696E1907584500B66ED1 /* Debug */,
				A28C696F1907584500B66ED1 /* Release */,
			);
			defaultConfigurationIsVisible = 0;
		};
/* End XCConfigurationList section */
	};
	rootObject = A28C69571907584500B66ED1 /* Project object */;
}
