// !$*UTF8*$!
{
	archiveVersion = 1;
	classes = {
	};
	objectVersion = 46;
	objects = {

/* Begin PBXBuildFile section */
		7746EC3818FCD3F000A4FCEA /* Cocoa.framework in Frameworks */ = {isa = PBXBuildFile; fileRef = 7746EC3718FCD3F000A4FCEA /* Cocoa.framework */; };
		7746EC4218FCD3F000A4FCEA /* InfoPlist.strings in Resources */ = {isa = PBXBuildFile; fileRef = 7746EC4018FCD3F000A4FCEA /* InfoPlist.strings */; };
		7746EC4418FCD3F000A4FCEA /* main.m in Sources */ = {isa = PBXBuildFile; fileRef = 7746EC4318FCD3F000A4FCEA /* main.m */; };
		7746EC4818FCD3F000A4FCEA /* Credits.rtf in Resources */ = {isa = PBXBuildFile; fileRef = 7746EC4618FCD3F000A4FCEA /* Credits.rtf */; };
		7746EC4B18FCD3F000A4FCEA /* AppDelegate.m in Sources */ = {isa = PBXBuildFile; fileRef = 7746EC4A18FCD3F000A4FCEA /* AppDelegate.m */; };
		7746EC4E18FCD3F000A4FCEA /* MainMenu.xib in Resources */ = {isa = PBXBuildFile; fileRef = 7746EC4C18FCD3F000A4FCEA /* MainMenu.xib */; };
		7746EC5018FCD3F000A4FCEA /* Images.xcassets in Resources */ = {isa = PBXBuildFile; fileRef = 7746EC4F18FCD3F000A4FCEA /* Images.xcassets */; };
		7746EC5718FCD3F000A4FCEA /* XCTest.framework in Frameworks */ = {isa = PBXBuildFile; fileRef = 7746EC5618FCD3F000A4FCEA /* XCTest.framework */; };
		7746EC5818FCD3F000A4FCEA /* Cocoa.framework in Frameworks */ = {isa = PBXBuildFile; fileRef = 7746EC3718FCD3F000A4FCEA /* Cocoa.framework */; };
		7746EC6018FCD3F000A4FCEA /* InfoPlist.strings in Resources */ = {isa = PBXBuildFile; fileRef = 7746EC5E18FCD3F000A4FCEA /* InfoPlist.strings */; };
		7746EC6218FCD3F000A4FCEA /* DSTestTests.m in Sources */ = {isa = PBXBuildFile; fileRef = 7746EC6118FCD3F000A4FCEA /* DSTestTests.m */; };
		7746EC8B18FE57EB00A4FCEA /* EventKit.framework in Frameworks */ = {isa = PBXBuildFile; fileRef = 7746EC8A18FE57EB00A4FCEA /* EventKit.framework */; };
		7797765D18FE624100A1AB8B /* CGICalendar.m in Sources */ = {isa = PBXBuildFile; fileRef = 7797764E18FE624100A1AB8B /* CGICalendar.m */; settings = {COMPILER_FLAGS = "-fno-objc-arc"; }; };
		7797765E18FE624100A1AB8B /* CGICalendarComponent.m in Sources */ = {isa = PBXBuildFile; fileRef = 7797765018FE624100A1AB8B /* CGICalendarComponent.m */; settings = {COMPILER_FLAGS = "-fno-objc-arc"; }; };
		7797765F18FE624100A1AB8B /* CGICalendarContentLine.m in Sources */ = {isa = PBXBuildFile; fileRef = 7797765218FE624100A1AB8B /* CGICalendarContentLine.m */; settings = {COMPILER_FLAGS = "-fno-objc-arc"; }; };
		7797766018FE624100A1AB8B /* CGICalendarObject.m in Sources */ = {isa = PBXBuildFile; fileRef = 7797765418FE624100A1AB8B /* CGICalendarObject.m */; settings = {COMPILER_FLAGS = "-fno-objc-arc"; }; };
		7797766118FE624100A1AB8B /* CGICalendarParameter.m in Sources */ = {isa = PBXBuildFile; fileRef = 7797765618FE624100A1AB8B /* CGICalendarParameter.m */; };
		7797766218FE624100A1AB8B /* CGICalendarProperty.m in Sources */ = {isa = PBXBuildFile; fileRef = 7797765818FE624100A1AB8B /* CGICalendarProperty.m */; settings = {COMPILER_FLAGS = "-fno-objc-arc"; }; };
		7797766318FE624100A1AB8B /* CGICalendarValue.m in Sources */ = {isa = PBXBuildFile; fileRef = 7797765A18FE624100A1AB8B /* CGICalendarValue.m */; };
		7797766418FE624100A1AB8B /* NSDate+CGICalendar.m in Sources */ = {isa = PBXBuildFile; fileRef = 7797765C18FE624100A1AB8B /* NSDate+CGICalendar.m */; settings = {COMPILER_FLAGS = "-fno-objc-arc"; }; };
		7797766618FE69DD00A1AB8B /* school.ics in Resources */ = {isa = PBXBuildFile; fileRef = 7797766518FE69DD00A1AB8B /* school.ics */; };
/* End PBXBuildFile section */

/* Begin PBXContainerItemProxy section */
		7746EC5918FCD3F000A4FCEA /* PBXContainerItemProxy */ = {
			isa = PBXContainerItemProxy;
			containerPortal = 7746EC2C18FCD3F000A4FCEA /* Project object */;
			proxyType = 1;
			remoteGlobalIDString = 7746EC3318FCD3F000A4FCEA;
			remoteInfo = DSTest;
		};
/* End PBXContainerItemProxy section */

/* Begin PBXFileReference section */
		7746EC3418FCD3F000A4FCEA /* DSTest.app */ = {isa = PBXFileReference; explicitFileType = wrapper.application; includeInIndex = 0; path = DSTest.app; sourceTree = BUILT_PRODUCTS_DIR; };
		7746EC3718FCD3F000A4FCEA /* Cocoa.framework */ = {isa = PBXFileReference; lastKnownFileType = wrapper.framework; name = Cocoa.framework; path = System/Library/Frameworks/Cocoa.framework; sourceTree = SDKROOT; };
		7746EC3A18FCD3F000A4FCEA /* AppKit.framework */ = {isa = PBXFileReference; lastKnownFileType = wrapper.framework; name = AppKit.framework; path = System/Library/Frameworks/AppKit.framework; sourceTree = SDKROOT; };
		7746EC3B18FCD3F000A4FCEA /* CoreData.framework */ = {isa = PBXFileReference; lastKnownFileType = wrapper.framework; name = CoreData.framework; path = System/Library/Frameworks/CoreData.framework; sourceTree = SDKROOT; };
		7746EC3C18FCD3F000A4FCEA /* Foundation.framework */ = {isa = PBXFileReference; lastKnownFileType = wrapper.framework; name = Foundation.framework; path = System/Library/Frameworks/Foundation.framework; sourceTree = SDKROOT; };
		7746EC3F18FCD3F000A4FCEA /* DSTest-Info.plist */ = {isa = PBXFileReference; lastKnownFileType = text.plist.xml; path = "DSTest-Info.plist"; sourceTree = "<group>"; };
		7746EC4118FCD3F000A4FCEA /* en */ = {isa = PBXFileReference; lastKnownFileType = text.plist.strings; name = en; path = en.lproj/InfoPlist.strings; sourceTree = "<group>"; };
		7746EC4318FCD3F000A4FCEA /* main.m */ = {isa = PBXFileReference; lastKnownFileType = sourcecode.c.objc; path = main.m; sourceTree = "<group>"; };
		7746EC4518FCD3F000A4FCEA /* DSTest-Prefix.pch */ = {isa = PBXFileReference; lastKnownFileType = sourcecode.c.h; path = "DSTest-Prefix.pch"; sourceTree = "<group>"; };
		7746EC4718FCD3F000A4FCEA /* en */ = {isa = PBXFileReference; lastKnownFileType = text.rtf; name = en; path = en.lproj/Credits.rtf; sourceTree = "<group>"; };
		7746EC4918FCD3F000A4FCEA /* AppDelegate.h */ = {isa = PBXFileReference; lastKnownFileType = sourcecode.c.h; path = AppDelegate.h; sourceTree = "<group>"; };
		7746EC4A18FCD3F000A4FCEA /* AppDelegate.m */ = {isa = PBXFileReference; lastKnownFileType = sourcecode.c.objc; path = AppDelegate.m; sourceTree = "<group>"; };
		7746EC4D18FCD3F000A4FCEA /* Base */ = {isa = PBXFileReference; lastKnownFileType = file.xib; name = Base; path = Base.lproj/MainMenu.xib; sourceTree = "<group>"; };
		7746EC4F18FCD3F000A4FCEA /* Images.xcassets */ = {isa = PBXFileReference; lastKnownFileType = folder.assetcatalog; path = Images.xcassets; sourceTree = "<group>"; };
		7746EC5518FCD3F000A4FCEA /* DSTestTests.xctest */ = {isa = PBXFileReference; explicitFileType = wrapper.cfbundle; includeInIndex = 0; path = DSTestTests.xctest; sourceTree = BUILT_PRODUCTS_DIR; };
		7746EC5618FCD3F000A4FCEA /* XCTest.framework */ = {isa = PBXFileReference; lastKnownFileType = wrapper.framework; name = XCTest.framework; path = Library/Frameworks/XCTest.framework; sourceTree = DEVELOPER_DIR; };
		7746EC5D18FCD3F000A4FCEA /* DSTestTests-Info.plist */ = {isa = PBXFileReference; lastKnownFileType = text.plist.xml; path = "DSTestTests-Info.plist"; sourceTree = "<group>"; };
		7746EC5F18FCD3F000A4FCEA /* en */ = {isa = PBXFileReference; lastKnownFileType = text.plist.strings; name = en; path = en.lproj/InfoPlist.strings; sourceTree = "<group>"; };
		7746EC6118FCD3F000A4FCEA /* DSTestTests.m */ = {isa = PBXFileReference; lastKnownFileType = sourcecode.c.objc; path = DSTestTests.m; sourceTree = "<group>"; };
		7746EC8A18FE57EB00A4FCEA /* EventKit.framework */ = {isa = PBXFileReference; lastKnownFileType = wrapper.framework; name = EventKit.framework; path = System/Library/Frameworks/EventKit.framework; sourceTree = SDKROOT; };
		7797764D18FE624100A1AB8B /* CGICalendar.h */ = {isa = PBXFileReference; fileEncoding = 4; lastKnownFileType = sourcecode.c.h; path = CGICalendar.h; sourceTree = "<group>"; };
		7797764E18FE624100A1AB8B /* CGICalendar.m */ = {isa = PBXFileReference; fileEncoding = 4; lastKnownFileType = sourcecode.c.objc; path = CGICalendar.m; sourceTree = "<group>"; };
		7797764F18FE624100A1AB8B /* CGICalendarComponent.h */ = {isa = PBXFileReference; fileEncoding = 4; lastKnownFileType = sourcecode.c.h; path = CGICalendarComponent.h; sourceTree = "<group>"; };
		7797765018FE624100A1AB8B /* CGICalendarComponent.m */ = {isa = PBXFileReference; fileEncoding = 4; lastKnownFileType = sourcecode.c.objc; path = CGICalendarComponent.m; sourceTree = "<group>"; };
		7797765118FE624100A1AB8B /* CGICalendarContentLine.h */ = {isa = PBXFileReference; fileEncoding = 4; lastKnownFileType = sourcecode.c.h; path = CGICalendarContentLine.h; sourceTree = "<group>"; };
		7797765218FE624100A1AB8B /* CGICalendarContentLine.m */ = {isa = PBXFileReference; fileEncoding = 4; lastKnownFileType = sourcecode.c.objc; path = CGICalendarContentLine.m; sourceTree = "<group>"; };
		7797765318FE624100A1AB8B /* CGICalendarObject.h */ = {isa = PBXFileReference; fileEncoding = 4; lastKnownFileType = sourcecode.c.h; path = CGICalendarObject.h; sourceTree = "<group>"; };
		7797765418FE624100A1AB8B /* CGICalendarObject.m */ = {isa = PBXFileReference; fileEncoding = 4; lastKnownFileType = sourcecode.c.objc; path = CGICalendarObject.m; sourceTree = "<group>"; };
		7797765518FE624100A1AB8B /* CGICalendarParameter.h */ = {isa = PBXFileReference; fileEncoding = 4; lastKnownFileType = sourcecode.c.h; path = CGICalendarParameter.h; sourceTree = "<group>"; };
		7797765618FE624100A1AB8B /* CGICalendarParameter.m */ = {isa = PBXFileReference; fileEncoding = 4; lastKnownFileType = sourcecode.c.objc; path = CGICalendarParameter.m; sourceTree = "<group>"; };
		7797765718FE624100A1AB8B /* CGICalendarProperty.h */ = {isa = PBXFileReference; fileEncoding = 4; lastKnownFileType = sourcecode.c.h; path = CGICalendarProperty.h; sourceTree = "<group>"; };
		7797765818FE624100A1AB8B /* CGICalendarProperty.m */ = {isa = PBXFileReference; fileEncoding = 4; lastKnownFileType = sourcecode.c.objc; path = CGICalendarProperty.m; sourceTree = "<group>"; };
		7797765918FE624100A1AB8B /* CGICalendarValue.h */ = {isa = PBXFileReference; fileEncoding = 4; lastKnownFileType = sourcecode.c.h; path = CGICalendarValue.h; sourceTree = "<group>"; };
		7797765A18FE624100A1AB8B /* CGICalendarValue.m */ = {isa = PBXFileReference; fileEncoding = 4; lastKnownFileType = sourcecode.c.objc; path = CGICalendarValue.m; sourceTree = "<group>"; };
		7797765B18FE624100A1AB8B /* NSDate+CGICalendar.h */ = {isa = PBXFileReference; fileEncoding = 4; lastKnownFileType = sourcecode.c.h; path = "NSDate+CGICalendar.h"; sourceTree = "<group>"; };
		7797765C18FE624100A1AB8B /* NSDate+CGICalendar.m */ = {isa = PBXFileReference; fileEncoding = 4; lastKnownFileType = sourcecode.c.objc; path = "NSDate+CGICalendar.m"; sourceTree = "<group>"; };
		7797766518FE69DD00A1AB8B /* school.ics */ = {isa = PBXFileReference; fileEncoding = 4; lastKnownFileType = text; path = school.ics; sourceTree = "<group>"; };
/* End PBXFileReference section */

/* Begin PBXFrameworksBuildPhase section */
		7746EC3118FCD3F000A4FCEA /* Frameworks */ = {
			isa = PBXFrameworksBuildPhase;
			buildActionMask = 2147483647;
			files = (
				7746EC8B18FE57EB00A4FCEA /* EventKit.framework in Frameworks */,
				7746EC3818FCD3F000A4FCEA /* Cocoa.framework in Frameworks */,
			);
			runOnlyForDeploymentPostprocessing = 0;
		};
		7746EC5218FCD3F000A4FCEA /* Frameworks */ = {
			isa = PBXFrameworksBuildPhase;
			buildActionMask = 2147483647;
			files = (
				7746EC5818FCD3F000A4FCEA /* Cocoa.framework in Frameworks */,
				7746EC5718FCD3F000A4FCEA /* XCTest.framework in Frameworks */,
			);
			runOnlyForDeploymentPostprocessing = 0;
		};
/* End PBXFrameworksBuildPhase section */

/* Begin PBXGroup section */
		7746EC2B18FCD3F000A4FCEA = {
			isa = PBXGroup;
			children = (
				7746EC3D18FCD3F000A4FCEA /* DSTest */,
				7746EC5B18FCD3F000A4FCEA /* DSTestTests */,
				7746EC3618FCD3F000A4FCEA /* Frameworks */,
				7746EC3518FCD3F000A4FCEA /* Products */,
			);
			sourceTree = "<group>";
		};
		7746EC3518FCD3F000A4FCEA /* Products */ = {
			isa = PBXGroup;
			children = (
				7746EC3418FCD3F000A4FCEA /* DSTest.app */,
				7746EC5518FCD3F000A4FCEA /* DSTestTests.xctest */,
			);
			name = Products;
			sourceTree = "<group>";
		};
		7746EC3618FCD3F000A4FCEA /* Frameworks */ = {
			isa = PBXGroup;
			children = (
				7746EC8A18FE57EB00A4FCEA /* EventKit.framework */,
				7746EC3718FCD3F000A4FCEA /* Cocoa.framework */,
				7746EC5618FCD3F000A4FCEA /* XCTest.framework */,
				7746EC3918FCD3F000A4FCEA /* Other Frameworks */,
			);
			name = Frameworks;
			sourceTree = "<group>";
		};
		7746EC3918FCD3F000A4FCEA /* Other Frameworks */ = {
			isa = PBXGroup;
			children = (
				7746EC3A18FCD3F000A4FCEA /* AppKit.framework */,
				7746EC3B18FCD3F000A4FCEA /* CoreData.framework */,
				7746EC3C18FCD3F000A4FCEA /* Foundation.framework */,
			);
			name = "Other Frameworks";
			sourceTree = "<group>";
		};
		7746EC3D18FCD3F000A4FCEA /* DSTest */ = {
			isa = PBXGroup;
			children = (
				7797766518FE69DD00A1AB8B /* school.ics */,
				7797764C18FE624100A1AB8B /* iCalObjCSDK */,
				7746EC4918FCD3F000A4FCEA /* AppDelegate.h */,
				7746EC4A18FCD3F000A4FCEA /* AppDelegate.m */,
				7746EC4C18FCD3F000A4FCEA /* MainMenu.xib */,
				7746EC4F18FCD3F000A4FCEA /* Images.xcassets */,
				7746EC3E18FCD3F000A4FCEA /* Supporting Files */,
			);
			path = DSTest;
			sourceTree = "<group>";
		};
		7746EC3E18FCD3F000A4FCEA /* Supporting Files */ = {
			isa = PBXGroup;
			children = (
				7746EC3F18FCD3F000A4FCEA /* DSTest-Info.plist */,
				7746EC4018FCD3F000A4FCEA /* InfoPlist.strings */,
				7746EC4318FCD3F000A4FCEA /* main.m */,
				7746EC4518FCD3F000A4FCEA /* DSTest-Prefix.pch */,
				7746EC4618FCD3F000A4FCEA /* Credits.rtf */,
			);
			name = "Supporting Files";
			sourceTree = "<group>";
		};
		7746EC5B18FCD3F000A4FCEA /* DSTestTests */ = {
			isa = PBXGroup;
			children = (
				7746EC6118FCD3F000A4FCEA /* DSTestTests.m */,
				7746EC5C18FCD3F000A4FCEA /* Supporting Files */,
			);
			path = DSTestTests;
			sourceTree = "<group>";
		};
		7746EC5C18FCD3F000A4FCEA /* Supporting Files */ = {
			isa = PBXGroup;
			children = (
				7746EC5D18FCD3F000A4FCEA /* DSTestTests-Info.plist */,
				7746EC5E18FCD3F000A4FCEA /* InfoPlist.strings */,
			);
			name = "Supporting Files";
			sourceTree = "<group>";
		};
		7797764C18FE624100A1AB8B /* iCalObjCSDK */ = {
			isa = PBXGroup;
			children = (
				7797764D18FE624100A1AB8B /* CGICalendar.h */,
				7797764E18FE624100A1AB8B /* CGICalendar.m */,
				7797764F18FE624100A1AB8B /* CGICalendarComponent.h */,
				7797765018FE624100A1AB8B /* CGICalendarComponent.m */,
				7797765118FE624100A1AB8B /* CGICalendarContentLine.h */,
				7797765218FE624100A1AB8B /* CGICalendarContentLine.m */,
				7797765318FE624100A1AB8B /* CGICalendarObject.h */,
				7797765418FE624100A1AB8B /* CGICalendarObject.m */,
				7797765518FE624100A1AB8B /* CGICalendarParameter.h */,
				7797765618FE624100A1AB8B /* CGICalendarParameter.m */,
				7797765718FE624100A1AB8B /* CGICalendarProperty.h */,
				7797765818FE624100A1AB8B /* CGICalendarProperty.m */,
				7797765918FE624100A1AB8B /* CGICalendarValue.h */,
				7797765A18FE624100A1AB8B /* CGICalendarValue.m */,
				7797765B18FE624100A1AB8B /* NSDate+CGICalendar.h */,
				7797765C18FE624100A1AB8B /* NSDate+CGICalendar.m */,
			);
			path = iCalObjCSDK;
			sourceTree = "<group>";
		};
/* End PBXGroup section */

/* Begin PBXNativeTarget section */
		7746EC3318FCD3F000A4FCEA /* DSTest */ = {
			isa = PBXNativeTarget;
			buildConfigurationList = 7746EC6518FCD3F000A4FCEA /* Build configuration list for PBXNativeTarget "DSTest" */;
			buildPhases = (
				7746EC3018FCD3F000A4FCEA /* Sources */,
				7746EC3118FCD3F000A4FCEA /* Frameworks */,
				7746EC3218FCD3F000A4FCEA /* Resources */,
			);
			buildRules = (
			);
			dependencies = (
			);
			name = DSTest;
			productName = DSTest;
			productReference = 7746EC3418FCD3F000A4FCEA /* DSTest.app */;
			productType = "com.apple.product-type.application";
		};
		7746EC5418FCD3F000A4FCEA /* DSTestTests */ = {
			isa = PBXNativeTarget;
			buildConfigurationList = 7746EC6818FCD3F000A4FCEA /* Build configuration list for PBXNativeTarget "DSTestTests" */;
			buildPhases = (
				7746EC5118FCD3F000A4FCEA /* Sources */,
				7746EC5218FCD3F000A4FCEA /* Frameworks */,
				7746EC5318FCD3F000A4FCEA /* Resources */,
			);
			buildRules = (
			);
			dependencies = (
				7746EC5A18FCD3F000A4FCEA /* PBXTargetDependency */,
			);
			name = DSTestTests;
			productName = DSTestTests;
			productReference = 7746EC5518FCD3F000A4FCEA /* DSTestTests.xctest */;
			productType = "com.apple.product-type.bundle.unit-test";
		};
/* End PBXNativeTarget section */

/* Begin PBXProject section */
		7746EC2C18FCD3F000A4FCEA /* Project object */ = {
			isa = PBXProject;
			attributes = {
				LastUpgradeCheck = 0500;
				ORGANIZATIONNAME = LCL;
				TargetAttributes = {
					7746EC5418FCD3F000A4FCEA = {
						TestTargetID = 7746EC3318FCD3F000A4FCEA;
					};
				};
			};
			buildConfigurationList = 7746EC2F18FCD3F000A4FCEA /* Build configuration list for PBXProject "DSTest" */;
			compatibilityVersion = "Xcode 3.2";
			developmentRegion = English;
			hasScannedForEncodings = 0;
			knownRegions = (
				en,
				Base,
			);
			mainGroup = 7746EC2B18FCD3F000A4FCEA;
			productRefGroup = 7746EC3518FCD3F000A4FCEA /* Products */;
			projectDirPath = "";
			projectRoot = "";
			targets = (
				7746EC3318FCD3F000A4FCEA /* DSTest */,
				7746EC5418FCD3F000A4FCEA /* DSTestTests */,
			);
		};
/* End PBXProject section */

/* Begin PBXResourcesBuildPhase section */
		7746EC3218FCD3F000A4FCEA /* Resources */ = {
			isa = PBXResourcesBuildPhase;
			buildActionMask = 2147483647;
			files = (
				7746EC4218FCD3F000A4FCEA /* InfoPlist.strings in Resources */,
				7746EC5018FCD3F000A4FCEA /* Images.xcassets in Resources */,
				7797766618FE69DD00A1AB8B /* school.ics in Resources */,
				7746EC4818FCD3F000A4FCEA /* Credits.rtf in Resources */,
				7746EC4E18FCD3F000A4FCEA /* MainMenu.xib in Resources */,
			);
			runOnlyForDeploymentPostprocessing = 0;
		};
		7746EC5318FCD3F000A4FCEA /* Resources */ = {
			isa = PBXResourcesBuildPhase;
			buildActionMask = 2147483647;
			files = (
				7746EC6018FCD3F000A4FCEA /* InfoPlist.strings in Resources */,
			);
			runOnlyForDeploymentPostprocessing = 0;
		};
/* End PBXResourcesBuildPhase section */

/* Begin PBXSourcesBuildPhase section */
		7746EC3018FCD3F000A4FCEA /* Sources */ = {
			isa = PBXSourcesBuildPhase;
			buildActionMask = 2147483647;
			files = (
				7797765F18FE624100A1AB8B /* CGICalendarContentLine.m in Sources */,
				7746EC4B18FCD3F000A4FCEA /* AppDelegate.m in Sources */,
				7797766218FE624100A1AB8B /* CGICalendarProperty.m in Sources */,
				7797765E18FE624100A1AB8B /* CGICalendarComponent.m in Sources */,
				7746EC4418FCD3F000A4FCEA /* main.m in Sources */,
				7797766118FE624100A1AB8B /* CGICalendarParameter.m in Sources */,
				7797766318FE624100A1AB8B /* CGICalendarValue.m in Sources */,
				7797766018FE624100A1AB8B /* CGICalendarObject.m in Sources */,
				7797766418FE624100A1AB8B /* NSDate+CGICalendar.m in Sources */,
				7797765D18FE624100A1AB8B /* CGICalendar.m in Sources */,
			);
			runOnlyForDeploymentPostprocessing = 0;
		};
		7746EC5118FCD3F000A4FCEA /* Sources */ = {
			isa = PBXSourcesBuildPhase;
			buildActionMask = 2147483647;
			files = (
				7746EC6218FCD3F000A4FCEA /* DSTestTests.m in Sources */,
			);
			runOnlyForDeploymentPostprocessing = 0;
		};
/* End PBXSourcesBuildPhase section */

/* Begin PBXTargetDependency section */
		7746EC5A18FCD3F000A4FCEA /* PBXTargetDependency */ = {
			isa = PBXTargetDependency;
			target = 7746EC3318FCD3F000A4FCEA /* DSTest */;
			targetProxy = 7746EC5918FCD3F000A4FCEA /* PBXContainerItemProxy */;
		};
/* End PBXTargetDependency section */

/* Begin PBXVariantGroup section */
		7746EC4018FCD3F000A4FCEA /* InfoPlist.strings */ = {
			isa = PBXVariantGroup;
			children = (
				7746EC4118FCD3F000A4FCEA /* en */,
			);
			name = InfoPlist.strings;
			sourceTree = "<group>";
		};
		7746EC4618FCD3F000A4FCEA /* Credits.rtf */ = {
			isa = PBXVariantGroup;
			children = (
				7746EC4718FCD3F000A4FCEA /* en */,
			);
			name = Credits.rtf;
			sourceTree = "<group>";
		};
		7746EC4C18FCD3F000A4FCEA /* MainMenu.xib */ = {
			isa = PBXVariantGroup;
			children = (
				7746EC4D18FCD3F000A4FCEA /* Base */,
			);
			name = MainMenu.xib;
			sourceTree = "<group>";
		};
		7746EC5E18FCD3F000A4FCEA /* InfoPlist.strings */ = {
			isa = PBXVariantGroup;
			children = (
				7746EC5F18FCD3F000A4FCEA /* en */,
			);
			name = InfoPlist.strings;
			sourceTree = "<group>";
		};
/* End PBXVariantGroup section */

/* Begin XCBuildConfiguration section */
		7746EC6318FCD3F000A4FCEA /* Debug */ = {
			isa = XCBuildConfiguration;
			buildSettings = {
				ALWAYS_SEARCH_USER_PATHS = NO;
				CLANG_CXX_LANGUAGE_STANDARD = "gnu++0x";
				CLANG_CXX_LIBRARY = "libc++";
				CLANG_ENABLE_OBJC_ARC = YES;
				CLANG_WARN_BOOL_CONVERSION = YES;
				CLANG_WARN_CONSTANT_CONVERSION = YES;
				CLANG_WARN_DIRECT_OBJC_ISA_USAGE = YES_ERROR;
				CLANG_WARN_EMPTY_BODY = YES;
				CLANG_WARN_ENUM_CONVERSION = YES;
				CLANG_WARN_INT_CONVERSION = YES;
				CLANG_WARN_OBJC_ROOT_CLASS = YES_ERROR;
				CLANG_WARN__DUPLICATE_METHOD_MATCH = YES;
				COPY_PHASE_STRIP = NO;
				GCC_C_LANGUAGE_STANDARD = gnu99;
				GCC_DYNAMIC_NO_PIC = NO;
				GCC_ENABLE_OBJC_EXCEPTIONS = YES;
				GCC_OPTIMIZATION_LEVEL = 0;
				GCC_PREPROCESSOR_DEFINITIONS = (
					"DEBUG=1",
					"$(inherited)",
				);
				GCC_SYMBOLS_PRIVATE_EXTERN = NO;
				GCC_WARN_64_TO_32_BIT_CONVERSION = YES;
				GCC_WARN_ABOUT_RETURN_TYPE = YES_ERROR;
				GCC_WARN_UNDECLARED_SELECTOR = YES;
				GCC_WARN_UNINITIALIZED_AUTOS = YES;
				GCC_WARN_UNUSED_FUNCTION = YES;
				GCC_WARN_UNUSED_VARIABLE = YES;
				MACOSX_DEPLOYMENT_TARGET = 10.9;
				ONLY_ACTIVE_ARCH = YES;
				SDKROOT = macosx;
			};
			name = Debug;
		};
		7746EC6418FCD3F000A4FCEA /* Release */ = {
			isa = XCBuildConfiguration;
			buildSettings = {
				ALWAYS_SEARCH_USER_PATHS = NO;
				CLANG_CXX_LANGUAGE_STANDARD = "gnu++0x";
				CLANG_CXX_LIBRARY = "libc++";
				CLANG_ENABLE_OBJC_ARC = YES;
				CLANG_WARN_BOOL_CONVERSION = YES;
				CLANG_WARN_CONSTANT_CONVERSION = YES;
				CLANG_WARN_DIRECT_OBJC_ISA_USAGE = YES_ERROR;
				CLANG_WARN_EMPTY_BODY = YES;
				CLANG_WARN_ENUM_CONVERSION = YES;
				CLANG_WARN_INT_CONVERSION = YES;
				CLANG_WARN_OBJC_ROOT_CLASS = YES_ERROR;
				CLANG_WARN__DUPLICATE_METHOD_MATCH = YES;
				COPY_PHASE_STRIP = YES;
				DEBUG_INFORMATION_FORMAT = "dwarf-with-dsym";
				ENABLE_NS_ASSERTIONS = NO;
				GCC_C_LANGUAGE_STANDARD = gnu99;
				GCC_ENABLE_OBJC_EXCEPTIONS = YES;
				GCC_WARN_64_TO_32_BIT_CONVERSION = YES;
				GCC_WARN_ABOUT_RETURN_TYPE = YES_ERROR;
				GCC_WARN_UNDECLARED_SELECTOR = YES;
				GCC_WARN_UNINITIALIZED_AUTOS = YES;
				GCC_WARN_UNUSED_FUNCTION = YES;
				GCC_WARN_UNUSED_VARIABLE = YES;
				MACOSX_DEPLOYMENT_TARGET = 10.9;
				SDKROOT = macosx;
			};
			name = Release;
		};
		7746EC6618FCD3F000A4FCEA /* Debug */ = {
			isa = XCBuildConfiguration;
			buildSettings = {
				ASSETCATALOG_COMPILER_APPICON_NAME = AppIcon;
				COMBINE_HIDPI_IMAGES = YES;
				GCC_PRECOMPILE_PREFIX_HEADER = YES;
				GCC_PREFIX_HEADER = "DSTest/DSTest-Prefix.pch";
				INFOPLIST_FILE = "DSTest/DSTest-Info.plist";
				PRODUCT_NAME = "$(TARGET_NAME)";
				WRAPPER_EXTENSION = app;
			};
			name = Debug;
		};
		7746EC6718FCD3F000A4FCEA /* Release */ = {
			isa = XCBuildConfiguration;
			buildSettings = {
				ASSETCATALOG_COMPILER_APPICON_NAME = AppIcon;
				COMBINE_HIDPI_IMAGES = YES;
				GCC_PRECOMPILE_PREFIX_HEADER = YES;
				GCC_PREFIX_HEADER = "DSTest/DSTest-Prefix.pch";
				INFOPLIST_FILE = "DSTest/DSTest-Info.plist";
				PRODUCT_NAME = "$(TARGET_NAME)";
				WRAPPER_EXTENSION = app;
			};
			name = Release;
		};
		7746EC6918FCD3F000A4FCEA /* Debug */ = {
			isa = XCBuildConfiguration;
			buildSettings = {
				BUNDLE_LOADER = "$(BUILT_PRODUCTS_DIR)/DSTest.app/Contents/MacOS/DSTest";
				COMBINE_HIDPI_IMAGES = YES;
				FRAMEWORK_SEARCH_PATHS = (
					"$(DEVELOPER_FRAMEWORKS_DIR)",
					"$(inherited)",
				);
				GCC_PRECOMPILE_PREFIX_HEADER = YES;
				GCC_PREFIX_HEADER = "DSTest/DSTest-Prefix.pch";
				GCC_PREPROCESSOR_DEFINITIONS = (
					"DEBUG=1",
					"$(inherited)",
				);
				INFOPLIST_FILE = "DSTestTests/DSTestTests-Info.plist";
				PRODUCT_NAME = "$(TARGET_NAME)";
				TEST_HOST = "$(BUNDLE_LOADER)";
				WRAPPER_EXTENSION = xctest;
			};
			name = Debug;
		};
		7746EC6A18FCD3F000A4FCEA /* Release */ = {
			isa = XCBuildConfiguration;
			buildSettings = {
				BUNDLE_LOADER = "$(BUILT_PRODUCTS_DIR)/DSTest.app/Contents/MacOS/DSTest";
				COMBINE_HIDPI_IMAGES = YES;
				FRAMEWORK_SEARCH_PATHS = (
					"$(DEVELOPER_FRAMEWORKS_DIR)",
					"$(inherited)",
				);
				GCC_PRECOMPILE_PREFIX_HEADER = YES;
				GCC_PREFIX_HEADER = "DSTest/DSTest-Prefix.pch";
				INFOPLIST_FILE = "DSTestTests/DSTestTests-Info.plist";
				PRODUCT_NAME = "$(TARGET_NAME)";
				TEST_HOST = "$(BUNDLE_LOADER)";
				WRAPPER_EXTENSION = xctest;
			};
			name = Release;
		};
/* End XCBuildConfiguration section */

/* Begin XCConfigurationList section */
		7746EC2F18FCD3F000A4FCEA /* Build configuration list for PBXProject "DSTest" */ = {
			isa = XCConfigurationList;
			buildConfigurations = (
				7746EC6318FCD3F000A4FCEA /* Debug */,
				7746EC6418FCD3F000A4FCEA /* Release */,
			);
			defaultConfigurationIsVisible = 0;
			defaultConfigurationName = Release;
		};
		7746EC6518FCD3F000A4FCEA /* Build configuration list for PBXNativeTarget "DSTest" */ = {
			isa = XCConfigurationList;
			buildConfigurations = (
				7746EC6618FCD3F000A4FCEA /* Debug */,
				7746EC6718FCD3F000A4FCEA /* Release */,
			);
			defaultConfigurationIsVisible = 0;
			defaultConfigurationName = Release;
		};
		7746EC6818FCD3F000A4FCEA /* Build configuration list for PBXNativeTarget "DSTestTests" */ = {
			isa = XCConfigurationList;
			buildConfigurations = (
				7746EC6918FCD3F000A4FCEA /* Debug */,
				7746EC6A18FCD3F000A4FCEA /* Release */,
			);
			defaultConfigurationIsVisible = 0;
			defaultConfigurationName = Release;
		};
/* End XCConfigurationList section */
	};
	rootObject = 7746EC2C18FCD3F000A4FCEA /* Project object */;
}
